{
    "version": 3,
    "terraform_version": "0.11.11",
    "serial": 3,
    "lineage": "e1210f7a-8759-6466-8cf8-c197f6aff246",
    "modules": [
        {
            "path": [
                "root"
            ],
            "outputs": {},
            "resources": {
                "aws_instance.myserver": {
                    "type": "aws_instance",
                    "depends_on": [],
                    "primary": {
                        "id": "i-0911535447c0e78d8",
                        "attributes": {
                            "ami": "ami-cfe4b2b0",
                            "arn": "arn:aws:ec2:us-east-1:833123247984:instance/i-0911535447c0e78d8",
                            "associate_public_ip_address": "true",
                            "availability_zone": "us-east-1b",
                            "cpu_core_count": "1",
                            "cpu_threads_per_core": "1",
                            "credit_specification.#": "1",
                            "credit_specification.0.cpu_credits": "standard",
                            "disable_api_termination": "false",
                            "ebs_block_device.#": "0",
                            "ebs_optimized": "false",
                            "ephemeral_block_device.#": "0",
                            "get_password_data": "false",
                            "iam_instance_profile": "",
                            "id": "i-0911535447c0e78d8",
                            "instance_state": "running",
                            "instance_type": "t2.micro",
                            "ipv6_addresses.#": "0",
                            "key_name": "EffectiveDevOpsAWS",
                            "monitoring": "false",
                            "network_interface.#": "0",
                            "network_interface_id": "eni-0e3b5a1ade602b74c",
                            "password_data": "",
                            "placement_group": "",
                            "primary_network_interface_id": "eni-0e3b5a1ade602b74c",
                            "private_dns": "ip-172-31-84-194.ec2.internal",
                            "private_ip": "172.31.84.194",
                            "public_dns": "ec2-3-85-122-120.compute-1.amazonaws.com",
                            "public_ip": "3.85.122.120",
                            "root_block_device.#": "1",
                            "root_block_device.0.delete_on_termination": "true",
                            "root_block_device.0.iops": "100",
                            "root_block_device.0.volume_id": "vol-0cf6af4967bafc1e3",
                            "root_block_device.0.volume_size": "8",
                            "root_block_device.0.volume_type": "gp2",
                            "security_groups.#": "1",
                            "security_groups.2004290681": "HelloWorld",
                            "source_dest_check": "true",
                            "subnet_id": "subnet-0c75962836ad2906e",
                            "tags.%": "1",
                            "tags.Name": "helloworld",
                            "tenancy": "default",
                            "volume_tags.%": "0",
                            "vpc_security_group_ids.#": "1",
                            "vpc_security_group_ids.913242941": "sg-08f0993b19beb2229"
                        },
                        "meta": {
                            "e2bfb730-ecaa-11e6-8f88-34363bc7c4c0": {
                                "create": 600000000000,
                                "delete": 1200000000000,
                                "update": 600000000000
                            },
                            "schema_version": "1"
                        },
                        "tainted": false
                    },
                    "deposed": [],
                    "provider": "provider.aws"
                }
            },
            "depends_on": []
        }
    ]
}
