{
    "version": 3,
    "terraform_version": "0.11.11",
    "serial": 2,
    "lineage": "d3e20ba0-6937-b6bf-4301-d4aa52f48f06",
    "modules": [
        {
            "path": [
                "root"
            ],
            "outputs": {
                "myserver": {
                    "sensitive": false,
                    "type": "string",
                    "value": "18.208.135.157"
                }
            },
            "resources": {
                "aws_instance.myserver": {
                    "type": "aws_instance",
                    "depends_on": [],
                    "primary": {
                        "id": "i-0e3b7598cb2b807aa",
                        "attributes": {
                            "ami": "ami-cfe4b2b0",
                            "arn": "arn:aws:ec2:us-east-1:833123247984:instance/i-0e3b7598cb2b807aa",
                            "associate_public_ip_address": "true",
                            "availability_zone": "us-east-1b",
                            "cpu_core_count": "1",
                            "cpu_threads_per_core": "1",
                            "credit_specification.#": "1",
                            "credit_specification.0.cpu_credits": "standard",
                            "disable_api_termination": "false",
                            "ebs_block_device.#": "0",
                            "ebs_optimized": "false",
                            "ephemeral_block_device.#": "0",
                            "get_password_data": "false",
                            "iam_instance_profile": "",
                            "id": "i-0e3b7598cb2b807aa",
                            "instance_state": "running",
                            "instance_type": "t2.micro",
                            "ipv6_addresses.#": "0",
                            "key_name": "EffectiveDevOpsAWS",
                            "monitoring": "false",
                            "network_interface.#": "0",
                            "network_interface_id": "eni-09d894de9b52dbe33",
                            "password_data": "",
                            "placement_group": "",
                            "primary_network_interface_id": "eni-09d894de9b52dbe33",
                            "private_dns": "ip-172-31-81-78.ec2.internal",
                            "private_ip": "172.31.81.78",
                            "public_dns": "ec2-18-208-135-157.compute-1.amazonaws.com",
                            "public_ip": "18.208.135.157",
                            "root_block_device.#": "1",
                            "root_block_device.0.delete_on_termination": "true",
                            "root_block_device.0.iops": "100",
                            "root_block_device.0.volume_id": "vol-0b06d887e765fa8a2",
                            "root_block_device.0.volume_size": "8",
                            "root_block_device.0.volume_type": "gp2",
                            "security_groups.#": "1",
                            "security_groups.2004290681": "HelloWorld",
                            "source_dest_check": "true",
                            "subnet_id": "subnet-0c75962836ad2906e",
                            "tags.%": "1",
                            "tags.Name": "helloworld",
                            "tenancy": "default",
                            "volume_tags.%": "0",
                            "vpc_security_group_ids.#": "1",
                            "vpc_security_group_ids.913242941": "sg-08f0993b19beb2229"
                        },
                        "meta": {
                            "e2bfb730-ecaa-11e6-8f88-34363bc7c4c0": {
                                "create": 600000000000,
                                "delete": 1200000000000,
                                "update": 600000000000
                            },
                            "schema_version": "1"
                        },
                        "tainted": false
                    },
                    "deposed": [],
                    "provider": "provider.aws"
                }
            },
            "depends_on": []
        }
    ]
}
